
Microsoft Visual Studio Solution File, Format Version 12.00
# Visual Studio Version 16
VisualStudioVersion = 16.0.31402.337
MinimumVisualStudioVersion = 10.0.40219.1
Project("{FAE04EC0-301F-11D3-BF4B-00C04F79EFBC}") = "dotnetapp-demo", "dotnetapp-demo\dotnetapp-demo.csproj", "{74210037-4788-4290-B3A8-AEB6D6BD6375}"
EndProject
Global
	GlobalSection(SolutionConfigurationPlatforms) = preSolution
		Debug|Any CPU = Debug|Any CPU
		Release|Any CPU = Release|Any CPU
	EndGlobalSection
	GlobalSection(ProjectConfigurationPlatforms) = postSolution
		{74210037-4788-4290-B3A8-AEB6D6BD6375}.Debug|Any CPU.ActiveCfg = Debug|Any CPU
		{74210037-4788-4290-B3A8-AEB6D6BD6375}.Debug|Any CPU.Build.0 = Debug|Any CPU
		{74210037-4788-4290-B3A8-AEB6D6BD6375}.Release|Any CPU.ActiveCfg = Release|Any CPU
		{74210037-4788-4290-B3A8-AEB6D6BD6375}.Release|Any CPU.Build.0 = Release|Any CPU
	EndGlobalSection
	GlobalSection(SolutionProperties) = preSolution
		HideSolutionNode = FALSE
	EndGlobalSection
	GlobalSection(ExtensibilityGlobals) = postSolution
		SolutionGuid = {97C10EB1-F3D1-4EFF-A2AF-DE41D85D72DA}
	EndGlobalSection
EndGlobal
